
Microsoft Visual Studio Solution File, Format Version 12.00
# Visual Studio Version 17
VisualStudioVersion = 17.0.31903.59
MinimumVisualStudioVersion = 10.0.40219.1
Project("{2150E333-8FDC-42A3-9474-1A3956D46DE8}") = "src", "src", "{03C77775-86C3-4EB2-A332-B5C40BCBBBB8}"
EndProject
Project("{9A19103F-16F7-4668-BE54-9A1E7A4F7556}") = "AuctionService", "src\AuctionService\AuctionService.csproj", "{EA4D028D-2F1B-4858-8104-F3506678277E}"
EndProject
Project("{9A19103F-16F7-4668-BE54-9A1E7A4F7556}") = "SearchService", "src\SearchService\SearchService.csproj", "{4D88BDFD-A58B-4C0B-9B35-E029C5CC83C8}"
EndProject
Project("{9A19103F-16F7-4668-BE54-9A1E7A4F7556}") = "Contracts", "src\Contracts\Contracts.csproj", "{1FE9E630-5732-4E70-800B-864626307AA4}"
EndProject
Project("{9A19103F-16F7-4668-BE54-9A1E7A4F7556}") = "IdentityService", "src\IdentityService\IdentityService.csproj", "{DF020401-CB13-4873-B093-1CC63BAAB5CD}"
EndProject
Project("{FAE04EC0-301F-11D3-BF4B-00C04F79EFBC}") = "GatewayService", "src\GatewayService\GatewayService.csproj", "{7255C8B2-EA3F-4A55-8143-8E4C271A2690}"
EndProject
Project("{FAE04EC0-301F-11D3-BF4B-00C04F79EFBC}") = "BiddingService", "src\BiddingService\BiddingService.csproj", "{680EC7CC-C35E-42F0-9369-B90C3FE10540}"
EndProject
Global
	GlobalSection(SolutionConfigurationPlatforms) = preSolution
		Debug|Any CPU = Debug|Any CPU
		Release|Any CPU = Release|Any CPU
	EndGlobalSection
	GlobalSection(ProjectConfigurationPlatforms) = postSolution
		{EA4D028D-2F1B-4858-8104-F3506678277E}.Debug|Any CPU.ActiveCfg = Debug|Any CPU
		{EA4D028D-2F1B-4858-8104-F3506678277E}.Debug|Any CPU.Build.0 = Debug|Any CPU
		{EA4D028D-2F1B-4858-8104-F3506678277E}.Release|Any CPU.ActiveCfg = Release|Any CPU
		{EA4D028D-2F1B-4858-8104-F3506678277E}.Release|Any CPU.Build.0 = Release|Any CPU
		{4D88BDFD-A58B-4C0B-9B35-E029C5CC83C8}.Debug|Any CPU.ActiveCfg = Debug|Any CPU
		{4D88BDFD-A58B-4C0B-9B35-E029C5CC83C8}.Debug|Any CPU.Build.0 = Debug|Any CPU
		{4D88BDFD-A58B-4C0B-9B35-E029C5CC83C8}.Release|Any CPU.ActiveCfg = Release|Any CPU
		{4D88BDFD-A58B-4C0B-9B35-E029C5CC83C8}.Release|Any CPU.Build.0 = Release|Any CPU
		{1FE9E630-5732-4E70-800B-864626307AA4}.Debug|Any CPU.ActiveCfg = Debug|Any CPU
		{1FE9E630-5732-4E70-800B-864626307AA4}.Debug|Any CPU.Build.0 = Debug|Any CPU
		{1FE9E630-5732-4E70-800B-864626307AA4}.Release|Any CPU.ActiveCfg = Release|Any CPU
		{1FE9E630-5732-4E70-800B-864626307AA4}.Release|Any CPU.Build.0 = Release|Any CPU
		{DF020401-CB13-4873-B093-1CC63BAAB5CD}.Debug|Any CPU.ActiveCfg = Debug|Any CPU
		{DF020401-CB13-4873-B093-1CC63BAAB5CD}.Debug|Any CPU.Build.0 = Debug|Any CPU
		{DF020401-CB13-4873-B093-1CC63BAAB5CD}.Release|Any CPU.ActiveCfg = Release|Any CPU
		{DF020401-CB13-4873-B093-1CC63BAAB5CD}.Release|Any CPU.Build.0 = Release|Any CPU
		{7255C8B2-EA3F-4A55-8143-8E4C271A2690}.Debug|Any CPU.ActiveCfg = Debug|Any CPU
		{7255C8B2-EA3F-4A55-8143-8E4C271A2690}.Debug|Any CPU.Build.0 = Debug|Any CPU
		{7255C8B2-EA3F-4A55-8143-8E4C271A2690}.Release|Any CPU.ActiveCfg = Release|Any CPU
		{7255C8B2-EA3F-4A55-8143-8E4C271A2690}.Release|Any CPU.Build.0 = Release|Any CPU
		{680EC7CC-C35E-42F0-9369-B90C3FE10540}.Debug|Any CPU.ActiveCfg = Debug|Any CPU
		{680EC7CC-C35E-42F0-9369-B90C3FE10540}.Debug|Any CPU.Build.0 = Debug|Any CPU
		{680EC7CC-C35E-42F0-9369-B90C3FE10540}.Release|Any CPU.ActiveCfg = Release|Any CPU
		{680EC7CC-C35E-42F0-9369-B90C3FE10540}.Release|Any CPU.Build.0 = Release|Any CPU
	EndGlobalSection
	GlobalSection(SolutionProperties) = preSolution
		HideSolutionNode = FALSE
	EndGlobalSection
	GlobalSection(NestedProjects) = preSolution
		{EA4D028D-2F1B-4858-8104-F3506678277E} = {03C77775-86C3-4EB2-A332-B5C40BCBBBB8}
		{4D88BDFD-A58B-4C0B-9B35-E029C5CC83C8} = {03C77775-86C3-4EB2-A332-B5C40BCBBBB8}
		{1FE9E630-5732-4E70-800B-864626307AA4} = {03C77775-86C3-4EB2-A332-B5C40BCBBBB8}
		{DF020401-CB13-4873-B093-1CC63BAAB5CD} = {03C77775-86C3-4EB2-A332-B5C40BCBBBB8}
		{7255C8B2-EA3F-4A55-8143-8E4C271A2690} = {03C77775-86C3-4EB2-A332-B5C40BCBBBB8}
		{680EC7CC-C35E-42F0-9369-B90C3FE10540} = {03C77775-86C3-4EB2-A332-B5C40BCBBBB8}
	EndGlobalSection
	GlobalSection(ExtensibilityGlobals) = postSolution
		SolutionGuid = {AFD79D9F-170F-4E98-B74D-CDE57756EDE1}
	EndGlobalSection
EndGlobal
